
Microsoft Visual Studio Solution File, Format Version 12.00
# Visual Studio 15
VisualStudioVersion = 15.0.28307.168
MinimumVisualStudioVersion = 10.0.40219.1
Project("{FAE04EC0-301F-11D3-BF4B-00C04F79EFBC}") = "CrimsonLauncher", "CrimsonLauncher\CrimsonLauncher.csproj", "{8C9529B5-AA0E-4D77-83A1-4980E1656D34}"
EndProject
Project("{FAE04EC0-301F-11D3-BF4B-00C04F79EFBC}") = "InjectPayload", "InjectPayload\InjectPayload.csproj", "{58313C4D-FA6C-413A-A3D1-7C8BC2705029}"
EndProject
Global
	GlobalSection(SolutionConfigurationPlatforms) = preSolution
		Debug|Any CPU = Debug|Any CPU
		Release|Any CPU = Release|Any CPU
	EndGlobalSection
	GlobalSection(ProjectConfigurationPlatforms) = postSolution
		{8C9529B5-AA0E-4D77-83A1-4980E1656D34}.Debug|Any CPU.ActiveCfg = Debug|Any CPU
		{8C9529B5-AA0E-4D77-83A1-4980E1656D34}.Debug|Any CPU.Build.0 = Debug|Any CPU
		{8C9529B5-AA0E-4D77-83A1-4980E1656D34}.Release|Any CPU.ActiveCfg = Release|Any CPU
		{8C9529B5-AA0E-4D77-83A1-4980E1656D34}.Release|Any CPU.Build.0 = Release|Any CPU
		{58313C4D-FA6C-413A-A3D1-7C8BC2705029}.Debug|Any CPU.ActiveCfg = Debug|Any CPU
		{58313C4D-FA6C-413A-A3D1-7C8BC2705029}.Debug|Any CPU.Build.0 = Debug|Any CPU
		{58313C4D-FA6C-413A-A3D1-7C8BC2705029}.Release|Any CPU.ActiveCfg = Release|Any CPU
		{58313C4D-FA6C-413A-A3D1-7C8BC2705029}.Release|Any CPU.Build.0 = Release|Any CPU
	EndGlobalSection
	GlobalSection(SolutionProperties) = preSolution
		HideSolutionNode = FALSE
	EndGlobalSection
	GlobalSection(ExtensibilityGlobals) = postSolution
		SolutionGuid = {929E303E-5421-4B7D-8DE6-6612EE815086}
	EndGlobalSection
EndGlobal
